{
  "lockfileVersion": 1,
  "workspaces": {
    "": {
      "dependencies": {
        "immer": "^10.1.1",
        "use-immer": "^0.11.0",
      },
    },
  },
  "packages": {
    "immer": ["immer@10.1.1", "", {}, "sha512-s2MPrmjovJcoMaHtx6K11Ra7oD05NT97w1IC5zpMkT6Atjr7H8LjaDd81iIxUYpMKSRRNMJE703M1Fhr/TctHw=="],

    "react": ["react@19.1.1", "", {}, "sha512-w8nqGImo45dmMIfljjMwOGtbmC/mk4CMYhWIicdSflH91J9TyCyczcPFXJzrZ/ZXcgGRFeP6BU0BEJTw6tZdfQ=="],

    "use-immer": ["use-immer@0.11.0", "", { "peerDependencies": { "immer": ">=8.0.0", "react": "^16.8.0 || ^17.0.1 || ^18.0.0 || ^19.0.0" } }, "sha512-RNAqi3GqsWJ4bcCd4LMBgdzvPmTABam24DUaFiKfX9s3MSorNRz9RDZYJkllJoMHUxVLMDetwAuCDeyWNrp1yA=="],
  }
}
